
Microsoft Visual Studio Solution File, Format Version 12.00
# Visual Studio Version 16
VisualStudioVersion = 16.0.29613.14
MinimumVisualStudioVersion = 10.0.40219.1
Project("{FAE04EC0-301F-11D3-BF4B-00C04F79EFBC}") = "ARCExtractor", "ARCExtractor\ARCExtractor.csproj", "{26F0293A-0AFB-4C1F-9CB0-1D1EAB6C67CA}"
EndProject
Global
	GlobalSection(SolutionConfigurationPlatforms) = preSolution
		Debug|Any CPU = Debug|Any CPU
		Release|Any CPU = Release|Any CPU
	EndGlobalSection
	GlobalSection(ProjectConfigurationPlatforms) = postSolution
		{26F0293A-0AFB-4C1F-9CB0-1D1EAB6C67CA}.Debug|Any CPU.ActiveCfg = Debug|Any CPU
		{26F0293A-0AFB-4C1F-9CB0-1D1EAB6C67CA}.Debug|Any CPU.Build.0 = Debug|Any CPU
		{26F0293A-0AFB-4C1F-9CB0-1D1EAB6C67CA}.Release|Any CPU.ActiveCfg = Release|Any CPU
		{26F0293A-0AFB-4C1F-9CB0-1D1EAB6C67CA}.Release|Any CPU.Build.0 = Release|Any CPU
	EndGlobalSection
	GlobalSection(SolutionProperties) = preSolution
		HideSolutionNode = FALSE
	EndGlobalSection
	GlobalSection(ExtensibilityGlobals) = postSolution
		SolutionGuid = {8095772D-6B0D-4CF1-BFE0-5C79B92E37AF}
	EndGlobalSection
EndGlobal
